// !$*UTF8*$!
{
	archiveVersion = 1;
	classes = {
	};
	objectVersion = 50;
	objects = {

/* Begin PBXBuildFile section */
		19DAE59C235842D300EDD167 /* AppDelegate.swift in Sources */ = {isa = PBXBuildFile; fileRef = 19DAE59B235842D300EDD167 /* AppDelegate.swift */; };
		19DAE59E235842D300EDD167 /* SceneDelegate.swift in Sources */ = {isa = PBXBuildFile; fileRef = 19DAE59D235842D300EDD167 /* SceneDelegate.swift */; };
		19DAE5A0235842D300EDD167 /* ViewController.swift in Sources */ = {isa = PBXBuildFile; fileRef = 19DAE59F235842D300EDD167 /* ViewController.swift */; };
		19DAE5A3235842D300EDD167 /* Main.storyboard in Resources */ = {isa = PBXBuildFile; fileRef = 19DAE5A1235842D300EDD167 /* Main.storyboard */; };
		19DAE5A5235842D400EDD167 /* Assets.xcassets in Resources */ = {isa = PBXBuildFile; fileRef = 19DAE5A4235842D400EDD167 /* Assets.xcassets */; };
		19DAE5A8235842D400EDD167 /* LaunchScreen.storyboard in Resources */ = {isa = PBXBuildFile; fileRef = 19DAE5A6235842D400EDD167 /* LaunchScreen.storyboard */; };
		19DAE5B3235842D400EDD167 /* SwiftProjectTests.swift in Sources */ = {isa = PBXBuildFile; fileRef = 19DAE5B2235842D400EDD167 /* SwiftProjectTests.swift */; };
		19DAE5BE235842D400EDD167 /* SwiftProjectUITests.swift in Sources */ = {isa = PBXBuildFile; fileRef = 19DAE5BD235842D400EDD167 /* SwiftProjectUITests.swift */; };
		19DAE5CD2358431600EDD167 /* String+Extension.swift in Sources */ = {isa = PBXBuildFile; fileRef = 19DAE5CC2358431600EDD167 /* String+Extension.swift */; };
/* End PBXBuildFile section */

/* Begin PBXContainerItemProxy section */
		19DAE5AF235842D400EDD167 /* PBXContainerItemProxy */ = {
			isa = PBXContainerItemProxy;
			containerPortal = 19DAE590235842D300EDD167 /* Project object */;
			proxyType = 1;
			remoteGlobalIDString = 19DAE597235842D300EDD167;
			remoteInfo = SwiftProject;
		};
		19DAE5BA235842D400EDD167 /* PBXContainerItemProxy */ = {
			isa = PBXContainerItemProxy;
			containerPortal = 19DAE590235842D300EDD167 /* Project object */;
			proxyType = 1;
			remoteGlobalIDString = 19DAE597235842D300EDD167;
			remoteInfo = SwiftProject;
		};
/* End PBXContainerItemProxy section */

/* Begin PBXFileReference section */
		19DAE598235842D300EDD167 /* SwiftProject.app */ = {isa = PBXFileReference; explicitFileType = wrapper.application; includeInIndex = 0; path = SwiftProject.app; sourceTree = BUILT_PRODUCTS_DIR; };
		19DAE59B235842D300EDD167 /* AppDelegate.swift */ = {isa = PBXFileReference; lastKnownFileType = sourcecode.swift; path = AppDelegate.swift; sourceTree = "<group>"; };
		19DAE59D235842D300EDD167 /* SceneDelegate.swift */ = {isa = PBXFileReference; lastKnownFileType = sourcecode.swift; path = SceneDelegate.swift; sourceTree = "<group>"; };
		19DAE59F235842D300EDD167 /* ViewController.swift */ = {isa = PBXFileReference; lastKnownFileType = sourcecode.swift; path = ViewController.swift; sourceTree = "<group>"; };
		19DAE5A2235842D300EDD167 /* Base */ = {isa = PBXFileReference; lastKnownFileType = file.storyboard; name = Base; path = Base.lproj/Main.storyboard; sourceTree = "<group>"; };
		19DAE5A4235842D400EDD167 /* Assets.xcassets */ = {isa = PBXFileReference; lastKnownFileType = folder.assetcatalog; path = Assets.xcassets; sourceTree = "<group>"; };
		19DAE5A7235842D400EDD167 /* Base */ = {isa = PBXFileReference; lastKnownFileType = file.storyboard; name = Base; path = Base.lproj/LaunchScreen.storyboard; sourceTree = "<group>"; };
		19DAE5A9235842D400EDD167 /* Info.plist */ = {isa = PBXFileReference; lastKnownFileType = text.plist.xml; path = Info.plist; sourceTree = "<group>"; };
		19DAE5AE235842D400EDD167 /* SwiftProjectTests.xctest */ = {isa = PBXFileReference; explicitFileType = wrapper.cfbundle; includeInIndex = 0; path = SwiftProjectTests.xctest; sourceTree = BUILT_PRODUCTS_DIR; };
		19DAE5B2235842D400EDD167 /* SwiftProjectTests.swift */ = {isa = PBXFileReference; lastKnownFileType = sourcecode.swift; path = SwiftProjectTests.swift; sourceTree = "<group>"; };
		19DAE5B4235842D400EDD167 /* Info.plist */ = {isa = PBXFileReference; lastKnownFileType = text.plist.xml; path = Info.plist; sourceTree = "<group>"; };
		19DAE5B9235842D400EDD167 /* SwiftProjectUITests.xctest */ = {isa = PBXFileReference; explicitFileType = wrapper.cfbundle; includeInIndex = 0; path = SwiftProjectUITests.xctest; sourceTree = BUILT_PRODUCTS_DIR; };
		19DAE5BD235842D400EDD167 /* SwiftProjectUITests.swift */ = {isa = PBXFileReference; lastKnownFileType = sourcecode.swift; path = SwiftProjectUITests.swift; sourceTree = "<group>"; };
		19DAE5BF235842D400EDD167 /* Info.plist */ = {isa = PBXFileReference; lastKnownFileType = text.plist.xml; path = Info.plist; sourceTree = "<group>"; };
		19DAE5CC2358431600EDD167 /* String+Extension.swift */ = {isa = PBXFileReference; lastKnownFileType = sourcecode.swift; path = "String+Extension.swift"; sourceTree = "<group>"; };
/* End PBXFileReference section */

/* Begin PBXFrameworksBuildPhase section */
		19DAE595235842D300EDD167 /* Frameworks */ = {
			isa = PBXFrameworksBuildPhase;
			buildActionMask = 2147483647;
			files = (
			);
			runOnlyForDeploymentPostprocessing = 0;
		};
		19DAE5AB235842D400EDD167 /* Frameworks */ = {
			isa = PBXFrameworksBuildPhase;
			buildActionMask = 2147483647;
			files = (
			);
			runOnlyForDeploymentPostprocessing = 0;
		};
		19DAE5B6235842D400EDD167 /* Frameworks */ = {
			isa = PBXFrameworksBuildPhase;
			buildActionMask = 2147483647;
			files = (
			);
			runOnlyForDeploymentPostprocessing = 0;
		};
/* End PBXFrameworksBuildPhase section */

/* Begin PBXGroup section */
		19DAE58F235842D300EDD167 = {
			isa = PBXGroup;
			children = (
				19DAE59A235842D300EDD167 /* SwiftProject */,
				19DAE5B1235842D400EDD167 /* SwiftProjectTests */,
				19DAE5BC235842D400EDD167 /* SwiftProjectUITests */,
				19DAE599235842D300EDD167 /* Products */,
			);
			sourceTree = "<group>";
		};
		19DAE599235842D300EDD167 /* Products */ = {
			isa = PBXGroup;
			children = (
				19DAE598235842D300EDD167 /* SwiftProject.app */,
				19DAE5AE235842D400EDD167 /* SwiftProjectTests.xctest */,
				19DAE5B9235842D400EDD167 /* SwiftProjectUITests.xctest */,
			);
			name = Products;
			sourceTree = "<group>";
		};
		19DAE59A235842D300EDD167 /* SwiftProject */ = {
			isa = PBXGroup;
			children = (
				19DAE5CB235842F800EDD167 /* Extension */,
				19DAE59B235842D300EDD167 /* AppDelegate.swift */,
				19DAE59D235842D300EDD167 /* SceneDelegate.swift */,
				19DAE59F235842D300EDD167 /* ViewController.swift */,
				19DAE5A1235842D300EDD167 /* Main.storyboard */,
				19DAE5A4235842D400EDD167 /* Assets.xcassets */,
				19DAE5A6235842D400EDD167 /* LaunchScreen.storyboard */,
				19DAE5A9235842D400EDD167 /* Info.plist */,
			);
			path = SwiftProject;
			sourceTree = "<group>";
		};
		19DAE5B1235842D400EDD167 /* SwiftProjectTests */ = {
			isa = PBXGroup;
			children = (
				19DAE5B2235842D400EDD167 /* SwiftProjectTests.swift */,
				19DAE5B4235842D400EDD167 /* Info.plist */,
			);
			path = SwiftProjectTests;
			sourceTree = "<group>";
		};
		19DAE5BC235842D400EDD167 /* SwiftProjectUITests */ = {
			isa = PBXGroup;
			children = (
				19DAE5BD235842D400EDD167 /* SwiftProjectUITests.swift */,
				19DAE5BF235842D400EDD167 /* Info.plist */,
			);
			path = SwiftProjectUITests;
			sourceTree = "<group>";
		};
		19DAE5CB235842F800EDD167 /* Extension */ = {
			isa = PBXGroup;
			children = (
				19DAE5CC2358431600EDD167 /* String+Extension.swift */,
			);
			path = Extension;
			sourceTree = "<group>";
		};
/* End PBXGroup section */

/* Begin PBXNativeTarget section */
		19DAE597235842D300EDD167 /* SwiftProject */ = {
			isa = PBXNativeTarget;
			buildConfigurationList = 19DAE5C2235842D400EDD167 /* Build configuration list for PBXNativeTarget "SwiftProject" */;
			buildPhases = (
				19DAE594235842D300EDD167 /* Sources */,
				19DAE595235842D300EDD167 /* Frameworks */,
				19DAE596235842D300EDD167 /* Resources */,
			);
			buildRules = (
			);
			dependencies = (
			);
			name = SwiftProject;
			productName = SwiftProject;
			productReference = 19DAE598235842D300EDD167 /* SwiftProject.app */;
			productType = "com.apple.product-type.application";
		};
		19DAE5AD235842D400EDD167 /* SwiftProjectTests */ = {
			isa = PBXNativeTarget;
			buildConfigurationList = 19DAE5C5235842D400EDD167 /* Build configuration list for PBXNativeTarget "SwiftProjectTests" */;
			buildPhases = (
				19DAE5AA235842D400EDD167 /* Sources */,
				19DAE5AB235842D400EDD167 /* Frameworks */,
				19DAE5AC235842D400EDD167 /* Resources */,
			);
			buildRules = (
			);
			dependencies = (
				19DAE5B0235842D400EDD167 /* PBXTargetDependency */,
			);
			name = SwiftProjectTests;
			productName = SwiftProjectTests;
			productReference = 19DAE5AE235842D400EDD167 /* SwiftProjectTests.xctest */;
			productType = "com.apple.product-type.bundle.unit-test";
		};
		19DAE5B8235842D400EDD167 /* SwiftProjectUITests */ = {
			isa = PBXNativeTarget;
			buildConfigurationList = 19DAE5C8235842D400EDD167 /* Build configuration list for PBXNativeTarget "SwiftProjectUITests" */;
			buildPhases = (
				19DAE5B5235842D400EDD167 /* Sources */,
				19DAE5B6235842D400EDD167 /* Frameworks */,
				19DAE5B7235842D400EDD167 /* Resources */,
			);
			buildRules = (
			);
			dependencies = (
				19DAE5BB235842D400EDD167 /* PBXTargetDependency */,
			);
			name = SwiftProjectUITests;
			productName = SwiftProjectUITests;
			productReference = 19DAE5B9235842D400EDD167 /* SwiftProjectUITests.xctest */;
			productType = "com.apple.product-type.bundle.ui-testing";
		};
/* End PBXNativeTarget section */

/* Begin PBXProject section */
		19DAE590235842D300EDD167 /* Project object */ = {
			isa = PBXProject;
			attributes = {
				LastSwiftUpdateCheck = 1110;
				LastUpgradeCheck = 1110;
				ORGANIZATIONNAME = "易";
				TargetAttributes = {
					19DAE597235842D300EDD167 = {
						CreatedOnToolsVersion = 11.1;
					};
					19DAE5AD235842D400EDD167 = {
						CreatedOnToolsVersion = 11.1;
						TestTargetID = 19DAE597235842D300EDD167;
					};
					19DAE5B8235842D400EDD167 = {
						CreatedOnToolsVersion = 11.1;
						TestTargetID = 19DAE597235842D300EDD167;
					};
				};
			};
			buildConfigurationList = 19DAE593235842D300EDD167 /* Build configuration list for PBXProject "SwiftProject" */;
			compatibilityVersion = "Xcode 9.3";
			developmentRegion = en;
			hasScannedForEncodings = 0;
			knownRegions = (
				en,
				Base,
			);
			mainGroup = 19DAE58F235842D300EDD167;
			productRefGroup = 19DAE599235842D300EDD167 /* Products */;
			projectDirPath = "";
			projectRoot = "";
			targets = (
				19DAE597235842D300EDD167 /* SwiftProject */,
				19DAE5AD235842D400EDD167 /* SwiftProjectTests */,
				19DAE5B8235842D400EDD167 /* SwiftProjectUITests */,
			);
		};
/* End PBXProject section */

/* Begin PBXResourcesBuildPhase section */
		19DAE596235842D300EDD167 /* Resources */ = {
			isa = PBXResourcesBuildPhase;
			buildActionMask = 2147483647;
			files = (
				19DAE5A8235842D400EDD167 /* LaunchScreen.storyboard in Resources */,
				19DAE5A5235842D400EDD167 /* Assets.xcassets in Resources */,
				19DAE5A3235842D300EDD167 /* Main.storyboard in Resources */,
			);
			runOnlyForDeploymentPostprocessing = 0;
		};
		19DAE5AC235842D400EDD167 /* Resources */ = {
			isa = PBXResourcesBuildPhase;
			buildActionMask = 2147483647;
			files = (
			);
			runOnlyForDeploymentPostprocessing = 0;
		};
		19DAE5B7235842D400EDD167 /* Resources */ = {
			isa = PBXResourcesBuildPhase;
			buildActionMask = 2147483647;
			files = (
			);
			runOnlyForDeploymentPostprocessing = 0;
		};
/* End PBXResourcesBuildPhase section */

/* Begin PBXSourcesBuildPhase section */
		19DAE594235842D300EDD167 /* Sources */ = {
			isa = PBXSourcesBuildPhase;
			buildActionMask = 2147483647;
			files = (
				19DAE5CD2358431600EDD167 /* String+Extension.swift in Sources */,
				19DAE5A0235842D300EDD167 /* ViewController.swift in Sources */,
				19DAE59C235842D300EDD167 /* AppDelegate.swift in Sources */,
				19DAE59E235842D300EDD167 /* SceneDelegate.swift in Sources */,
			);
			runOnlyForDeploymentPostprocessing = 0;
		};
		19DAE5AA235842D400EDD167 /* Sources */ = {
			isa = PBXSourcesBuildPhase;
			buildActionMask = 2147483647;
			files = (
				19DAE5B3235842D400EDD167 /* SwiftProjectTests.swift in Sources */,
			);
			runOnlyForDeploymentPostprocessing = 0;
		};
		19DAE5B5235842D400EDD167 /* Sources */ = {
			isa = PBXSourcesBuildPhase;
			buildActionMask = 2147483647;
			files = (
				19DAE5BE235842D400EDD167 /* SwiftProjectUITests.swift in Sources */,
			);
			runOnlyForDeploymentPostprocessing = 0;
		};
/* End PBXSourcesBuildPhase section */

/* Begin PBXTargetDependency section */
		19DAE5B0235842D400EDD167 /* PBXTargetDependency */ = {
			isa = PBXTargetDependency;
			target = 19DAE597235842D300EDD167 /* SwiftProject */;
			targetProxy = 19DAE5AF235842D400EDD167 /* PBXContainerItemProxy */;
		};
		19DAE5BB235842D400EDD167 /* PBXTargetDependency */ = {
			isa = PBXTargetDependency;
			target = 19DAE597235842D300EDD167 /* SwiftProject */;
			targetProxy = 19DAE5BA235842D400EDD167 /* PBXContainerItemProxy */;
		};
/* End PBXTargetDependency section */

/* Begin PBXVariantGroup section */
		19DAE5A1235842D300EDD167 /* Main.storyboard */ = {
			isa = PBXVariantGroup;
			children = (
				19DAE5A2235842D300EDD167 /* Base */,
			);
			name = Main.storyboard;
			sourceTree = "<group>";
		};
		19DAE5A6235842D400EDD167 /* LaunchScreen.storyboard */ = {
			isa = PBXVariantGroup;
			children = (
				19DAE5A7235842D400EDD167 /* Base */,
			);
			name = LaunchScreen.storyboard;
			sourceTree = "<group>";
		};
/* End PBXVariantGroup section */

/* Begin XCBuildConfiguration section */
		19DAE5C0235842D400EDD167 /* Debug */ = {
			isa = XCBuildConfiguration;
			buildSettings = {
				ALWAYS_SEARCH_USER_PATHS = NO;
				CLANG_ANALYZER_NONNULL = YES;
				CLANG_ANALYZER_NUMBER_OBJECT_CONVERSION = YES_AGGRESSIVE;
				CLANG_CXX_LANGUAGE_STANDARD = "gnu++14";
				CLANG_CXX_LIBRARY = "libc++";
				CLANG_ENABLE_MODULES = YES;
				CLANG_ENABLE_OBJC_ARC = YES;
				CLANG_ENABLE_OBJC_WEAK = YES;
				CLANG_WARN_BLOCK_CAPTURE_AUTORELEASING = YES;
				CLANG_WARN_BOOL_CONVERSION = YES;
				CLANG_WARN_COMMA = YES;
				CLANG_WARN_CONSTANT_CONVERSION = YES;
				CLANG_WARN_DEPRECATED_OBJC_IMPLEMENTATIONS = YES;
				CLANG_WARN_DIRECT_OBJC_ISA_USAGE = YES_ERROR;
				CLANG_WARN_DOCUMENTATION_COMMENTS = YES;
				CLANG_WARN_EMPTY_BODY = YES;
				CLANG_WARN_ENUM_CONVERSION = YES;
				CLANG_WARN_INFINITE_RECURSION = YES;
				CLANG_WARN_INT_CONVERSION = YES;
				CLANG_WARN_NON_LITERAL_NULL_CONVERSION = YES;
				CLANG_WARN_OBJC_IMPLICIT_RETAIN_SELF = YES;
				CLANG_WARN_OBJC_LITERAL_CONVERSION = YES;
				CLANG_WARN_OBJC_ROOT_CLASS = YES_ERROR;
				CLANG_WARN_RANGE_LOOP_ANALYSIS = YES;
				CLANG_WARN_STRICT_PROTOTYPES = YES;
				CLANG_WARN_SUSPICIOUS_MOVE = YES;
				CLANG_WARN_UNGUARDED_AVAILABILITY = YES_AGGRESSIVE;
				CLANG_WARN_UNREACHABLE_CODE = YES;
				CLANG_WARN__DUPLICATE_METHOD_MATCH = YES;
				COPY_PHASE_STRIP = NO;
				DEBUG_INFORMATION_FORMAT = dwarf;
				ENABLE_STRICT_OBJC_MSGSEND = YES;
				ENABLE_TESTABILITY = YES;
				GCC_C_LANGUAGE_STANDARD = gnu11;
				GCC_DYNAMIC_NO_PIC = NO;
				GCC_NO_COMMON_BLOCKS = YES;
				GCC_OPTIMIZATION_LEVEL = 0;
				GCC_PREPROCESSOR_DEFINITIONS = (
					"DEBUG=1",
					"$(inherited)",
				);
				GCC_WARN_64_TO_32_BIT_CONVERSION = YES;
				GCC_WARN_ABOUT_RETURN_TYPE = YES_ERROR;
				GCC_WARN_UNDECLARED_SELECTOR = YES;
				GCC_WARN_UNINITIALIZED_AUTOS = YES_AGGRESSIVE;
				GCC_WARN_UNUSED_FUNCTION = YES;
				GCC_WARN_UNUSED_VARIABLE = YES;
				IPHONEOS_DEPLOYMENT_TARGET = 13.1;
				MTL_ENABLE_DEBUG_INFO = INCLUDE_SOURCE;
				MTL_FAST_MATH = YES;
				ONLY_ACTIVE_ARCH = YES;
				SDKROOT = iphoneos;
				SWIFT_ACTIVE_COMPILATION_CONDITIONS = DEBUG;
				SWIFT_OPTIMIZATION_LEVEL = "-Onone";
			};
			name = Debug;
		};
		19DAE5C1235842D400EDD167 /* Release */ = {
			isa = XCBuildConfiguration;
			buildSettings = {
				ALWAYS_SEARCH_USER_PATHS = NO;
				CLANG_ANALYZER_NONNULL = YES;
				CLANG_ANALYZER_NUMBER_OBJECT_CONVERSION = YES_AGGRESSIVE;
				CLANG_CXX_LANGUAGE_STANDARD = "gnu++14";
				CLANG_CXX_LIBRARY = "libc++";
				CLANG_ENABLE_MODULES = YES;
				CLANG_ENABLE_OBJC_ARC = YES;
				CLANG_ENABLE_OBJC_WEAK = YES;
				CLANG_WARN_BLOCK_CAPTURE_AUTORELEASING = YES;
				CLANG_WARN_BOOL_CONVERSION = YES;
				CLANG_WARN_COMMA = YES;
				CLANG_WARN_CONSTANT_CONVERSION = YES;
				CLANG_WARN_DEPRECATED_OBJC_IMPLEMENTATIONS = YES;
				CLANG_WARN_DIRECT_OBJC_ISA_USAGE = YES_ERROR;
				CLANG_WARN_DOCUMENTATION_COMMENTS = YES;
				CLANG_WARN_EMPTY_BODY = YES;
				CLANG_WARN_ENUM_CONVERSION = YES;
				CLANG_WARN_INFINITE_RECURSION = YES;
				CLANG_WARN_INT_CONVERSION = YES;
				CLANG_WARN_NON_LITERAL_NULL_CONVERSION = YES;
				CLANG_WARN_OBJC_IMPLICIT_RETAIN_SELF = YES;
				CLANG_WARN_OBJC_LITERAL_CONVERSION = YES;
				CLANG_WARN_OBJC_ROOT_CLASS = YES_ERROR;
				CLANG_WARN_RANGE_LOOP_ANALYSIS = YES;
				CLANG_WARN_STRICT_PROTOTYPES = YES;
				CLANG_WARN_SUSPICIOUS_MOVE = YES;
				CLANG_WARN_UNGUARDED_AVAILABILITY = YES_AGGRESSIVE;
				CLANG_WARN_UNREACHABLE_CODE = YES;
				CLANG_WARN__DUPLICATE_METHOD_MATCH = YES;
				COPY_PHASE_STRIP = NO;
				DEBUG_INFORMATION_FORMAT = "dwarf-with-dsym";
				ENABLE_NS_ASSERTIONS = NO;
				ENABLE_STRICT_OBJC_MSGSEND = YES;
				GCC_C_LANGUAGE_STANDARD = gnu11;
				GCC_NO_COMMON_BLOCKS = YES;
				GCC_WARN_64_TO_32_BIT_CONVERSION = YES;
				GCC_WARN_ABOUT_RETURN_TYPE = YES_ERROR;
				GCC_WARN_UNDECLARED_SELECTOR = YES;
				GCC_WARN_UNINITIALIZED_AUTOS = YES_AGGRESSIVE;
				GCC_WARN_UNUSED_FUNCTION = YES;
				GCC_WARN_UNUSED_VARIABLE = YES;
				IPHONEOS_DEPLOYMENT_TARGET = 13.1;
				MTL_ENABLE_DEBUG_INFO = NO;
				MTL_FAST_MATH = YES;
				SDKROOT = iphoneos;
				SWIFT_COMPILATION_MODE = wholemodule;
				SWIFT_OPTIMIZATION_LEVEL = "-O";
				VALIDATE_PRODUCT = YES;
			};
			name = Release;
		};
		19DAE5C3235842D400EDD167 /* Debug */ = {
			isa = XCBuildConfiguration;
			buildSettings = {
				ASSETCATALOG_COMPILER_APPICON_NAME = AppIcon;
				CODE_SIGN_STYLE = Automatic;
				DEVELOPMENT_TEAM = PXKP46WTDZ;
				INFOPLIST_FILE = SwiftProject/Info.plist;
				LD_RUNPATH_SEARCH_PATHS = (
					"$(inherited)",
					"@executable_path/Frameworks",
				);
				PRODUCT_BUNDLE_IDENTIFIER = t.SwiftProject;
				PRODUCT_NAME = "$(TARGET_NAME)";
				SWIFT_VERSION = 5.0;
				TARGETED_DEVICE_FAMILY = "1,2";
			};
			name = Debug;
		};
		19DAE5C4235842D400EDD167 /* Release */ = {
			isa = XCBuildConfiguration;
			buildSettings = {
				ASSETCATALOG_COMPILER_APPICON_NAME = AppIcon;
				CODE_SIGN_STYLE = Automatic;
				DEVELOPMENT_TEAM = PXKP46WTDZ;
				INFOPLIST_FILE = SwiftProject/Info.plist;
				LD_RUNPATH_SEARCH_PATHS = (
					"$(inherited)",
					"@executable_path/Frameworks",
				);
				PRODUCT_BUNDLE_IDENTIFIER = t.SwiftProject;
				PRODUCT_NAME = "$(TARGET_NAME)";
				SWIFT_VERSION = 5.0;
				TARGETED_DEVICE_FAMILY = "1,2";
			};
			name = Release;
		};
		19DAE5C6235842D400EDD167 /* Debug */ = {
			isa = XCBuildConfiguration;
			buildSettings = {
				ALWAYS_EMBED_SWIFT_STANDARD_LIBRARIES = YES;
				BUNDLE_LOADER = "$(TEST_HOST)";
				CODE_SIGN_STYLE = Automatic;
				DEVELOPMENT_TEAM = PXKP46WTDZ;
				INFOPLIST_FILE = SwiftProjectTests/Info.plist;
				IPHONEOS_DEPLOYMENT_TARGET = 13.1;
				LD_RUNPATH_SEARCH_PATHS = (
					"$(inherited)",
					"@executable_path/Frameworks",
					"@loader_path/Frameworks",
				);
				PRODUCT_BUNDLE_IDENTIFIER = t.SwiftProjectTests;
				PRODUCT_NAME = "$(TARGET_NAME)";
				SWIFT_VERSION = 5.0;
				TARGETED_DEVICE_FAMILY = "1,2";
				TEST_HOST = "$(BUILT_PRODUCTS_DIR)/SwiftProject.app/SwiftProject";
			};
			name = Debug;
		};
		19DAE5C7235842D400EDD167 /* Release */ = {
			isa = XCBuildConfiguration;
			buildSettings = {
				ALWAYS_EMBED_SWIFT_STANDARD_LIBRARIES = YES;
				BUNDLE_LOADER = "$(TEST_HOST)";
				CODE_SIGN_STYLE = Automatic;
				DEVELOPMENT_TEAM = PXKP46WTDZ;
				INFOPLIST_FILE = SwiftProjectTests/Info.plist;
				IPHONEOS_DEPLOYMENT_TARGET = 13.1;
				LD_RUNPATH_SEARCH_PATHS = (
					"$(inherited)",
					"@executable_path/Frameworks",
					"@loader_path/Frameworks",
				);
				PRODUCT_BUNDLE_IDENTIFIER = t.SwiftProjectTests;
				PRODUCT_NAME = "$(TARGET_NAME)";
				SWIFT_VERSION = 5.0;
				TARGETED_DEVICE_FAMILY = "1,2";
				TEST_HOST = "$(BUILT_PRODUCTS_DIR)/SwiftProject.app/SwiftProject";
			};
			name = Release;
		};
		19DAE5C9235842D400EDD167 /* Debug */ = {
			isa = XCBuildConfiguration;
			buildSettings = {
				ALWAYS_EMBED_SWIFT_STANDARD_LIBRARIES = YES;
				CODE_SIGN_STYLE = Automatic;
				DEVELOPMENT_TEAM = PXKP46WTDZ;
				INFOPLIST_FILE = SwiftProjectUITests/Info.plist;
				LD_RUNPATH_SEARCH_PATHS = (
					"$(inherited)",
					"@executable_path/Frameworks",
					"@loader_path/Frameworks",
				);
				PRODUCT_BUNDLE_IDENTIFIER = t.SwiftProjectUITests;
				PRODUCT_NAME = "$(TARGET_NAME)";
				SWIFT_VERSION = 5.0;
				TARGETED_DEVICE_FAMILY = "1,2";
				TEST_TARGET_NAME = SwiftProject;
			};
			name = Debug;
		};
		19DAE5CA235842D400EDD167 /* Release */ = {
			isa = XCBuildConfiguration;
			buildSettings = {
				ALWAYS_EMBED_SWIFT_STANDARD_LIBRARIES = YES;
				CODE_SIGN_STYLE = Automatic;
				DEVELOPMENT_TEAM = PXKP46WTDZ;
				INFOPLIST_FILE = SwiftProjectUITests/Info.plist;
				LD_RUNPATH_SEARCH_PATHS = (
					"$(inherited)",
					"@executable_path/Frameworks",
					"@loader_path/Frameworks",
				);
				PRODUCT_BUNDLE_IDENTIFIER = t.SwiftProjectUITests;
				PRODUCT_NAME = "$(TARGET_NAME)";
				SWIFT_VERSION = 5.0;
				TARGETED_DEVICE_FAMILY = "1,2";
				TEST_TARGET_NAME = SwiftProject;
			};
			name = Release;
		};
/* End XCBuildConfiguration section */

/* Begin XCConfigurationList section */
		19DAE593235842D300EDD167 /* Build configuration list for PBXProject "SwiftProject" */ = {
			isa = XCConfigurationList;
			buildConfigurations = (
				19DAE5C0235842D400EDD167 /* Debug */,
				19DAE5C1235842D400EDD167 /* Release */,
			);
			defaultConfigurationIsVisible = 0;
			defaultConfigurationName = Release;
		};
		19DAE5C2235842D400EDD167 /* Build configuration list for PBXNativeTarget "SwiftProject" */ = {
			isa = XCConfigurationList;
			buildConfigurations = (
				19DAE5C3235842D400EDD167 /* Debug */,
				19DAE5C4235842D400EDD167 /* Release */,
			);
			defaultConfigurationIsVisible = 0;
			defaultConfigurationName = Release;
		};
		19DAE5C5235842D400EDD167 /* Build configuration list for PBXNativeTarget "SwiftProjectTests" */ = {
			isa = XCConfigurationList;
			buildConfigurations = (
				19DAE5C6235842D400EDD167 /* Debug */,
				19DAE5C7235842D400EDD167 /* Release */,
			);
			defaultConfigurationIsVisible = 0;
			defaultConfigurationName = Release;
		};
		19DAE5C8235842D400EDD167 /* Build configuration list for PBXNativeTarget "SwiftProjectUITests" */ = {
			isa = XCConfigurationList;
			buildConfigurations = (
				19DAE5C9235842D400EDD167 /* Debug */,
				19DAE5CA235842D400EDD167 /* Release */,
			);
			defaultConfigurationIsVisible = 0;
			defaultConfigurationName = Release;
		};
/* End XCConfigurationList section */
	};
	rootObject = 19DAE590235842D300EDD167 /* Project object */;
}
